
Microsoft Visual Studio Solution File, Format Version 12.00
# Visual Studio Version 18
VisualStudioVersion = 18.0.11222.15
MinimumVisualStudioVersion = 10.0.40219.1
Project("{FAE04EC0-301F-11D3-BF4B-00C04F79EFBC}") = "MyApi", "MyApi\MyApi.csproj", "{2851F363-8543-EE7A-E8D4-D4503AA25384}"
EndProject
Project("{FAE04EC0-301F-11D3-BF4B-00C04F79EFBC}") = "ODataEFCoreMongoDb.AppHost", "ODataEFCoreMongoDb.AppHost\ODataEFCoreMongoDb.AppHost.csproj", "{17946B8E-7FAA-4F96-9679-A9DCFC528E8F}"
EndProject
Project("{FAE04EC0-301F-11D3-BF4B-00C04F79EFBC}") = "ODataEFCoreMongoDb.ServiceDefaults", "ODataEFCoreMongoDb.ServiceDefaults\ODataEFCoreMongoDb.ServiceDefaults.csproj", "{5897E5E4-3C24-44E0-ABE5-2405B211FAB2}"
EndProject
Project("{FAE04EC0-301F-11D3-BF4B-00C04F79EFBC}") = "MyDynamicApi", "MyDynamicApi\MyDynamicApi.csproj", "{5460CAB7-955E-6D36-301B-DDD545BE7B01}"
EndProject
Project("{FAE04EC0-301F-11D3-BF4B-00C04F79EFBC}") = "Domain.EFCore", "Domain.EFCore\Domain.EFCore.csproj", "{110171AD-AFB4-04E7-E20B-93C5F2DD1657}"
EndProject
Project("{FAE04EC0-301F-11D3-BF4B-00C04F79EFBC}") = "OData.Api", "OData.Api\OData.Api.csproj", "{498793CE-3805-4DDB-5BE3-0F9C1C757872}"
EndProject
Project("{FAE04EC0-301F-11D3-BF4B-00C04F79EFBC}") = "OtherDomain.EFCore", "OtherDomain.EFCore\OtherDomain.EFCore.csproj", "{617766D2-0431-AD48-D9FB-0DA1DD06A9A6}"
EndProject
Global
	GlobalSection(SolutionConfigurationPlatforms) = preSolution
		Debug|Any CPU = Debug|Any CPU
		Release|Any CPU = Release|Any CPU
	EndGlobalSection
	GlobalSection(ProjectConfigurationPlatforms) = postSolution
		{2851F363-8543-EE7A-E8D4-D4503AA25384}.Debug|Any CPU.ActiveCfg = Debug|Any CPU
		{2851F363-8543-EE7A-E8D4-D4503AA25384}.Debug|Any CPU.Build.0 = Debug|Any CPU
		{2851F363-8543-EE7A-E8D4-D4503AA25384}.Release|Any CPU.ActiveCfg = Release|Any CPU
		{2851F363-8543-EE7A-E8D4-D4503AA25384}.Release|Any CPU.Build.0 = Release|Any CPU
		{17946B8E-7FAA-4F96-9679-A9DCFC528E8F}.Debug|Any CPU.ActiveCfg = Debug|Any CPU
		{17946B8E-7FAA-4F96-9679-A9DCFC528E8F}.Debug|Any CPU.Build.0 = Debug|Any CPU
		{17946B8E-7FAA-4F96-9679-A9DCFC528E8F}.Release|Any CPU.ActiveCfg = Release|Any CPU
		{17946B8E-7FAA-4F96-9679-A9DCFC528E8F}.Release|Any CPU.Build.0 = Release|Any CPU
		{5897E5E4-3C24-44E0-ABE5-2405B211FAB2}.Debug|Any CPU.ActiveCfg = Debug|Any CPU
		{5897E5E4-3C24-44E0-ABE5-2405B211FAB2}.Debug|Any CPU.Build.0 = Debug|Any CPU
		{5897E5E4-3C24-44E0-ABE5-2405B211FAB2}.Release|Any CPU.ActiveCfg = Release|Any CPU
		{5897E5E4-3C24-44E0-ABE5-2405B211FAB2}.Release|Any CPU.Build.0 = Release|Any CPU
		{5460CAB7-955E-6D36-301B-DDD545BE7B01}.Debug|Any CPU.ActiveCfg = Debug|Any CPU
		{5460CAB7-955E-6D36-301B-DDD545BE7B01}.Debug|Any CPU.Build.0 = Debug|Any CPU
		{5460CAB7-955E-6D36-301B-DDD545BE7B01}.Release|Any CPU.ActiveCfg = Release|Any CPU
		{5460CAB7-955E-6D36-301B-DDD545BE7B01}.Release|Any CPU.Build.0 = Release|Any CPU
		{110171AD-AFB4-04E7-E20B-93C5F2DD1657}.Debug|Any CPU.ActiveCfg = Debug|Any CPU
		{110171AD-AFB4-04E7-E20B-93C5F2DD1657}.Debug|Any CPU.Build.0 = Debug|Any CPU
		{110171AD-AFB4-04E7-E20B-93C5F2DD1657}.Release|Any CPU.ActiveCfg = Release|Any CPU
		{110171AD-AFB4-04E7-E20B-93C5F2DD1657}.Release|Any CPU.Build.0 = Release|Any CPU
		{498793CE-3805-4DDB-5BE3-0F9C1C757872}.Debug|Any CPU.ActiveCfg = Debug|Any CPU
		{498793CE-3805-4DDB-5BE3-0F9C1C757872}.Debug|Any CPU.Build.0 = Debug|Any CPU
		{498793CE-3805-4DDB-5BE3-0F9C1C757872}.Release|Any CPU.ActiveCfg = Release|Any CPU
		{498793CE-3805-4DDB-5BE3-0F9C1C757872}.Release|Any CPU.Build.0 = Release|Any CPU
		{617766D2-0431-AD48-D9FB-0DA1DD06A9A6}.Debug|Any CPU.ActiveCfg = Debug|Any CPU
		{617766D2-0431-AD48-D9FB-0DA1DD06A9A6}.Debug|Any CPU.Build.0 = Debug|Any CPU
		{617766D2-0431-AD48-D9FB-0DA1DD06A9A6}.Release|Any CPU.ActiveCfg = Release|Any CPU
		{617766D2-0431-AD48-D9FB-0DA1DD06A9A6}.Release|Any CPU.Build.0 = Release|Any CPU
	EndGlobalSection
	GlobalSection(SolutionProperties) = preSolution
		HideSolutionNode = FALSE
	EndGlobalSection
	GlobalSection(ExtensibilityGlobals) = postSolution
		SolutionGuid = {32B86A41-EA2A-4998-84EF-2A510CDEDECE}
	EndGlobalSection
EndGlobal
